Microsoft Visual Studio Solution File, Format Version 11.00
# Visual Studio 2008

Project("{96511F85-F535-BCB3-9C97-2C5AD1FE0E2C}") = "Test2D", "Assembly-CSharp.csproj", "{72698F74-8BA4-A8DA-B512-874A38E36757}"
EndProject
Global
	GlobalSection(SolutionConfigurationPlatforms) = preSolution
		Debug|Any CPU = Debug|Any CPU
		Release|Any CPU = Release|Any CPU
	EndGlobalSection
	GlobalSection(ProjectConfigurationPlatforms) = postSolution
		{72698F74-8BA4-A8DA-B512-874A38E36757}.Debug|Any CPU.ActiveCfg = Debug|Any CPU
		{72698F74-8BA4-A8DA-B512-874A38E36757}.Debug|Any CPU.Build.0 = Debug|Any CPU
		{72698F74-8BA4-A8DA-B512-874A38E36757}.Release|Any CPU.ActiveCfg = Release|Any CPU
		{72698F74-8BA4-A8DA-B512-874A38E36757}.Release|Any CPU.Build.0 = Release|Any CPU
	EndGlobalSection
	GlobalSection(SolutionProperties) = preSolution
		HideSolutionNode = FALSE
	EndGlobalSection
	GlobalSection(MonoDevelopProperties) = preSolution
		StartupItem = Assembly-CSharp.csproj
	EndGlobalSection
EndGlobal
